// !$*UTF8*$!
{
	archiveVersion = 1;
	classes = {
	};
	objectVersion = 50;
	objects = {

/* Begin PBXBuildFile section */
		6F2433C025195AE9005FC1FF /* AppDelegate.swift in Sources */ = {isa = PBXBuildFile; fileRef = 6F2433BF25195AE9005FC1FF /* AppDelegate.swift */; };
		6F2433C225195AE9005FC1FF /* SceneDelegate.swift in Sources */ = {isa = PBXBuildFile; fileRef = 6F2433C125195AE9005FC1FF /* SceneDelegate.swift */; };
		6F2433C425195AE9005FC1FF /* ViewController.swift in Sources */ = {isa = PBXBuildFile; fileRef = 6F2433C325195AE9005FC1FF /* ViewController.swift */; };
		6F2433C725195AE9005FC1FF /* Main.storyboard in Resources */ = {isa = PBXBuildFile; fileRef = 6F2433C525195AE9005FC1FF /* Main.storyboard */; };
		6F2433C925195AEC005FC1FF /* Assets.xcassets in Resources */ = {isa = PBXBuildFile; fileRef = 6F2433C825195AEC005FC1FF /* Assets.xcassets */; };
		6F2433CC25195AEC005FC1FF /* LaunchScreen.storyboard in Resources */ = {isa = PBXBuildFile; fileRef = 6F2433CA25195AEC005FC1FF /* LaunchScreen.storyboard */; };
		6F2433D725195AEC005FC1FF /* ChessBetaTests.swift in Sources */ = {isa = PBXBuildFile; fileRef = 6F2433D625195AEC005FC1FF /* ChessBetaTests.swift */; };
		6F2433E225195AEC005FC1FF /* ChessBetaUITests.swift in Sources */ = {isa = PBXBuildFile; fileRef = 6F2433E125195AEC005FC1FF /* ChessBetaUITests.swift */; };
		6F2433F325195D0E005FC1FF /* Board.swift in Sources */ = {isa = PBXBuildFile; fileRef = 6F2433F225195D0E005FC1FF /* Board.swift */; };
		6F24343725196643005FC1FF /* chessLoop.swift in Sources */ = {isa = PBXBuildFile; fileRef = 6F24343625196643005FC1FF /* chessLoop.swift */; };
		6F24343D25196768005FC1FF /* King.swift in Sources */ = {isa = PBXBuildFile; fileRef = 6F24343C25196768005FC1FF /* King.swift */; };
		6F24344225196944005FC1FF /* Pieces.swift in Sources */ = {isa = PBXBuildFile; fileRef = 6F24344125196944005FC1FF /* Pieces.swift */; };
/* End PBXBuildFile section */

/* Begin PBXContainerItemProxy section */
		6F2433D325195AEC005FC1FF /* PBXContainerItemProxy */ = {
			isa = PBXContainerItemProxy;
			containerPortal = 6F2433B425195AE9005FC1FF /* Project object */;
			proxyType = 1;
			remoteGlobalIDString = 6F2433BB25195AE9005FC1FF;
			remoteInfo = ChessBeta;
		};
		6F2433DE25195AEC005FC1FF /* PBXContainerItemProxy */ = {
			isa = PBXContainerItemProxy;
			containerPortal = 6F2433B425195AE9005FC1FF /* Project object */;
			proxyType = 1;
			remoteGlobalIDString = 6F2433BB25195AE9005FC1FF;
			remoteInfo = ChessBeta;
		};
/* End PBXContainerItemProxy section */

/* Begin PBXFileReference section */
		6F2433BC25195AE9005FC1FF /* ChessBeta.app */ = {isa = PBXFileReference; explicitFileType = wrapper.application; includeInIndex = 0; path = ChessBeta.app; sourceTree = BUILT_PRODUCTS_DIR; };
		6F2433BF25195AE9005FC1FF /* AppDelegate.swift */ = {isa = PBXFileReference; lastKnownFileType = sourcecode.swift; path = AppDelegate.swift; sourceTree = "<group>"; };
		6F2433C125195AE9005FC1FF /* SceneDelegate.swift */ = {isa = PBXFileReference; lastKnownFileType = sourcecode.swift; path = SceneDelegate.swift; sourceTree = "<group>"; };
		6F2433C325195AE9005FC1FF /* ViewController.swift */ = {isa = PBXFileReference; lastKnownFileType = sourcecode.swift; path = ViewController.swift; sourceTree = "<group>"; };
		6F2433C625195AE9005FC1FF /* Base */ = {isa = PBXFileReference; lastKnownFileType = file.storyboard; name = Base; path = Base.lproj/Main.storyboard; sourceTree = "<group>"; };
		6F2433C825195AEC005FC1FF /* Assets.xcassets */ = {isa = PBXFileReference; lastKnownFileType = folder.assetcatalog; path = Assets.xcassets; sourceTree = "<group>"; };
		6F2433CB25195AEC005FC1FF /* Base */ = {isa = PBXFileReference; lastKnownFileType = file.storyboard; name = Base; path = Base.lproj/LaunchScreen.storyboard; sourceTree = "<group>"; };
		6F2433CD25195AEC005FC1FF /* Info.plist */ = {isa = PBXFileReference; lastKnownFileType = text.plist.xml; path = Info.plist; sourceTree = "<group>"; };
		6F2433D225195AEC005FC1FF /* ChessBetaTests.xctest */ = {isa = PBXFileReference; explicitFileType = wrapper.cfbundle; includeInIndex = 0; path = ChessBetaTests.xctest; sourceTree = BUILT_PRODUCTS_DIR; };
		6F2433D625195AEC005FC1FF /* ChessBetaTests.swift */ = {isa = PBXFileReference; lastKnownFileType = sourcecode.swift; path = ChessBetaTests.swift; sourceTree = "<group>"; };
		6F2433D825195AEC005FC1FF /* Info.plist */ = {isa = PBXFileReference; lastKnownFileType = text.plist.xml; path = Info.plist; sourceTree = "<group>"; };
		6F2433DD25195AEC005FC1FF /* ChessBetaUITests.xctest */ = {isa = PBXFileReference; explicitFileType = wrapper.cfbundle; includeInIndex = 0; path = ChessBetaUITests.xctest; sourceTree = BUILT_PRODUCTS_DIR; };
		6F2433E125195AEC005FC1FF /* ChessBetaUITests.swift */ = {isa = PBXFileReference; lastKnownFileType = sourcecode.swift; path = ChessBetaUITests.swift; sourceTree = "<group>"; };
		6F2433E325195AEC005FC1FF /* Info.plist */ = {isa = PBXFileReference; lastKnownFileType = text.plist.xml; path = Info.plist; sourceTree = "<group>"; };
		6F2433F225195D0E005FC1FF /* Board.swift */ = {isa = PBXFileReference; lastKnownFileType = sourcecode.swift; path = Board.swift; sourceTree = "<group>"; };
		6F24343625196643005FC1FF /* chessLoop.swift */ = {isa = PBXFileReference; lastKnownFileType = sourcecode.swift; path = chessLoop.swift; sourceTree = "<group>"; };
		6F24343C25196768005FC1FF /* King.swift */ = {isa = PBXFileReference; lastKnownFileType = sourcecode.swift; path = King.swift; sourceTree = "<group>"; };
		6F24344125196944005FC1FF /* Pieces.swift */ = {isa = PBXFileReference; lastKnownFileType = sourcecode.swift; path = Pieces.swift; sourceTree = "<group>"; };
/* End PBXFileReference section */

/* Begin PBXFrameworksBuildPhase section */
		6F2433B925195AE9005FC1FF /* Frameworks */ = {
			isa = PBXFrameworksBuildPhase;
			buildActionMask = 2147483647;
			files = (
			);
			runOnlyForDeploymentPostprocessing = 0;
		};
		6F2433CF25195AEC005FC1FF /* Frameworks */ = {
			isa = PBXFrameworksBuildPhase;
			buildActionMask = 2147483647;
			files = (
			);
			runOnlyForDeploymentPostprocessing = 0;
		};
		6F2433DA25195AEC005FC1FF /* Frameworks */ = {
			isa = PBXFrameworksBuildPhase;
			buildActionMask = 2147483647;
			files = (
			);
			runOnlyForDeploymentPostprocessing = 0;
		};
/* End PBXFrameworksBuildPhase section */

/* Begin PBXGroup section */
		6F2433B325195AE9005FC1FF = {
			isa = PBXGroup;
			children = (
				6F24343B2519670E005FC1FF /* ChessPieces */,
				6F2433BE25195AE9005FC1FF /* ChessBeta */,
				6F2433D525195AEC005FC1FF /* ChessBetaTests */,
				6F2433E025195AEC005FC1FF /* ChessBetaUITests */,
				6F2433BD25195AE9005FC1FF /* Products */,
			);
			sourceTree = "<group>";
		};
		6F2433BD25195AE9005FC1FF /* Products */ = {
			isa = PBXGroup;
			children = (
				6F2433BC25195AE9005FC1FF /* ChessBeta.app */,
				6F2433D225195AEC005FC1FF /* ChessBetaTests.xctest */,
				6F2433DD25195AEC005FC1FF /* ChessBetaUITests.xctest */,
			);
			name = Products;
			sourceTree = "<group>";
		};
		6F2433BE25195AE9005FC1FF /* ChessBeta */ = {
			isa = PBXGroup;
			children = (
				6F2433BF25195AE9005FC1FF /* AppDelegate.swift */,
				6F2433C125195AE9005FC1FF /* SceneDelegate.swift */,
				6F2433C325195AE9005FC1FF /* ViewController.swift */,
				6F2433C525195AE9005FC1FF /* Main.storyboard */,
				6F2433F225195D0E005FC1FF /* Board.swift */,
				6F2433C825195AEC005FC1FF /* Assets.xcassets */,
				6F2433CA25195AEC005FC1FF /* LaunchScreen.storyboard */,
				6F2433CD25195AEC005FC1FF /* Info.plist */,
			);
			path = ChessBeta;
			sourceTree = "<group>";
		};
		6F2433D525195AEC005FC1FF /* ChessBetaTests */ = {
			isa = PBXGroup;
			children = (
				6F2433D625195AEC005FC1FF /* ChessBetaTests.swift */,
				6F2433D825195AEC005FC1FF /* Info.plist */,
			);
			path = ChessBetaTests;
			sourceTree = "<group>";
		};
		6F2433E025195AEC005FC1FF /* ChessBetaUITests */ = {
			isa = PBXGroup;
			children = (
				6F2433E125195AEC005FC1FF /* ChessBetaUITests.swift */,
				6F2433E325195AEC005FC1FF /* Info.plist */,
			);
			path = ChessBetaUITests;
			sourceTree = "<group>";
		};
		6F24343B2519670E005FC1FF /* ChessPieces */ = {
			isa = PBXGroup;
			children = (
				6F24343C25196768005FC1FF /* King.swift */,
				6F24344125196944005FC1FF /* Pieces.swift */,
				6F24343625196643005FC1FF /* chessLoop.swift */,
			);
			path = ChessPieces;
			sourceTree = "<group>";
		};
/* End PBXGroup section */

/* Begin PBXNativeTarget section */
		6F2433BB25195AE9005FC1FF /* ChessBeta */ = {
			isa = PBXNativeTarget;
			buildConfigurationList = 6F2433E625195AEC005FC1FF /* Build configuration list for PBXNativeTarget "ChessBeta" */;
			buildPhases = (
				6F2433B825195AE9005FC1FF /* Sources */,
				6F2433B925195AE9005FC1FF /* Frameworks */,
				6F2433BA25195AE9005FC1FF /* Resources */,
			);
			buildRules = (
			);
			dependencies = (
			);
			name = ChessBeta;
			productName = ChessBeta;
			productReference = 6F2433BC25195AE9005FC1FF /* ChessBeta.app */;
			productType = "com.apple.product-type.application";
		};
		6F2433D125195AEC005FC1FF /* ChessBetaTests */ = {
			isa = PBXNativeTarget;
			buildConfigurationList = 6F2433E925195AEC005FC1FF /* Build configuration list for PBXNativeTarget "ChessBetaTests" */;
			buildPhases = (
				6F2433CE25195AEC005FC1FF /* Sources */,
				6F2433CF25195AEC005FC1FF /* Frameworks */,
				6F2433D025195AEC005FC1FF /* Resources */,
			);
			buildRules = (
			);
			dependencies = (
				6F2433D425195AEC005FC1FF /* PBXTargetDependency */,
			);
			name = ChessBetaTests;
			productName = ChessBetaTests;
			productReference = 6F2433D225195AEC005FC1FF /* ChessBetaTests.xctest */;
			productType = "com.apple.product-type.bundle.unit-test";
		};
		6F2433DC25195AEC005FC1FF /* ChessBetaUITests */ = {
			isa = PBXNativeTarget;
			buildConfigurationList = 6F2433EC25195AEC005FC1FF /* Build configuration list for PBXNativeTarget "ChessBetaUITests" */;
			buildPhases = (
				6F2433D925195AEC005FC1FF /* Sources */,
				6F2433DA25195AEC005FC1FF /* Frameworks */,
				6F2433DB25195AEC005FC1FF /* Resources */,
			);
			buildRules = (
			);
			dependencies = (
				6F2433DF25195AEC005FC1FF /* PBXTargetDependency */,
			);
			name = ChessBetaUITests;
			productName = ChessBetaUITests;
			productReference = 6F2433DD25195AEC005FC1FF /* ChessBetaUITests.xctest */;
			productType = "com.apple.product-type.bundle.ui-testing";
		};
/* End PBXNativeTarget section */

/* Begin PBXProject section */
		6F2433B425195AE9005FC1FF /* Project object */ = {
			isa = PBXProject;
			attributes = {
				LastSwiftUpdateCheck = 1200;
				LastUpgradeCheck = 1200;
				TargetAttributes = {
					6F2433BB25195AE9005FC1FF = {
						CreatedOnToolsVersion = 12.0;
					};
					6F2433D125195AEC005FC1FF = {
						CreatedOnToolsVersion = 12.0;
						TestTargetID = 6F2433BB25195AE9005FC1FF;
					};
					6F2433DC25195AEC005FC1FF = {
						CreatedOnToolsVersion = 12.0;
						TestTargetID = 6F2433BB25195AE9005FC1FF;
					};
				};
			};
			buildConfigurationList = 6F2433B725195AE9005FC1FF /* Build configuration list for PBXProject "ChessBeta" */;
			compatibilityVersion = "Xcode 9.3";
			developmentRegion = en;
			hasScannedForEncodings = 0;
			knownRegions = (
				en,
				Base,
			);
			mainGroup = 6F2433B325195AE9005FC1FF;
			productRefGroup = 6F2433BD25195AE9005FC1FF /* Products */;
			projectDirPath = "";
			projectRoot = "";
			targets = (
				6F2433BB25195AE9005FC1FF /* ChessBeta */,
				6F2433D125195AEC005FC1FF /* ChessBetaTests */,
				6F2433DC25195AEC005FC1FF /* ChessBetaUITests */,
			);
		};
/* End PBXProject section */

/* Begin PBXResourcesBuildPhase section */
		6F2433BA25195AE9005FC1FF /* Resources */ = {
			isa = PBXResourcesBuildPhase;
			buildActionMask = 2147483647;
			files = (
				6F2433CC25195AEC005FC1FF /* LaunchScreen.storyboard in Resources */,
				6F2433C925195AEC005FC1FF /* Assets.xcassets in Resources */,
				6F2433C725195AE9005FC1FF /* Main.storyboard in Resources */,
			);
			runOnlyForDeploymentPostprocessing = 0;
		};
		6F2433D025195AEC005FC1FF /* Resources */ = {
			isa = PBXResourcesBuildPhase;
			buildActionMask = 2147483647;
			files = (
			);
			runOnlyForDeploymentPostprocessing = 0;
		};
		6F2433DB25195AEC005FC1FF /* Resources */ = {
			isa = PBXResourcesBuildPhase;
			buildActionMask = 2147483647;
			files = (
			);
			runOnlyForDeploymentPostprocessing = 0;
		};
/* End PBXResourcesBuildPhase section */

/* Begin PBXSourcesBuildPhase section */
		6F2433B825195AE9005FC1FF /* Sources */ = {
			isa = PBXSourcesBuildPhase;
			buildActionMask = 2147483647;
			files = (
				6F24343725196643005FC1FF /* chessLoop.swift in Sources */,
				6F2433C425195AE9005FC1FF /* ViewController.swift in Sources */,
				6F24343D25196768005FC1FF /* King.swift in Sources */,
				6F2433C025195AE9005FC1FF /* AppDelegate.swift in Sources */,
				6F2433F325195D0E005FC1FF /* Board.swift in Sources */,
				6F24344225196944005FC1FF /* Pieces.swift in Sources */,
				6F2433C225195AE9005FC1FF /* SceneDelegate.swift in Sources */,
			);
			runOnlyForDeploymentPostprocessing = 0;
		};
		6F2433CE25195AEC005FC1FF /* Sources */ = {
			isa = PBXSourcesBuildPhase;
			buildActionMask = 2147483647;
			files = (
				6F2433D725195AEC005FC1FF /* ChessBetaTests.swift in Sources */,
			);
			runOnlyForDeploymentPostprocessing = 0;
		};
		6F2433D925195AEC005FC1FF /* Sources */ = {
			isa = PBXSourcesBuildPhase;
			buildActionMask = 2147483647;
			files = (
				6F2433E225195AEC005FC1FF /* ChessBetaUITests.swift in Sources */,
			);
			runOnlyForDeploymentPostprocessing = 0;
		};
/* End PBXSourcesBuildPhase section */

/* Begin PBXTargetDependency section */
		6F2433D425195AEC005FC1FF /* PBXTargetDependency */ = {
			isa = PBXTargetDependency;
			target = 6F2433BB25195AE9005FC1FF /* ChessBeta */;
			targetProxy = 6F2433D325195AEC005FC1FF /* PBXContainerItemProxy */;
		};
		6F2433DF25195AEC005FC1FF /* PBXTargetDependency */ = {
			isa = PBXTargetDependency;
			target = 6F2433BB25195AE9005FC1FF /* ChessBeta */;
			targetProxy = 6F2433DE25195AEC005FC1FF /* PBXContainerItemProxy */;
		};
/* End PBXTargetDependency section */

/* Begin PBXVariantGroup section */
		6F2433C525195AE9005FC1FF /* Main.storyboard */ = {
			isa = PBXVariantGroup;
			children = (
				6F2433C625195AE9005FC1FF /* Base */,
			);
			name = Main.storyboard;
			sourceTree = "<group>";
		};
		6F2433CA25195AEC005FC1FF /* LaunchScreen.storyboard */ = {
			isa = PBXVariantGroup;
			children = (
				6F2433CB25195AEC005FC1FF /* Base */,
			);
			name = LaunchScreen.storyboard;
			sourceTree = "<group>";
		};
/* End PBXVariantGroup section */

/* Begin XCBuildConfiguration section */
		6F2433E425195AEC005FC1FF /* Debug */ = {
			isa = XCBuildConfiguration;
			buildSettings = {
				ALWAYS_SEARCH_USER_PATHS = NO;
				CLANG_ANALYZER_NONNULL = YES;
				CLANG_ANALYZER_NUMBER_OBJECT_CONVERSION = YES_AGGRESSIVE;
				CLANG_CXX_LANGUAGE_STANDARD = "gnu++14";
				CLANG_CXX_LIBRARY = "libc++";
				CLANG_ENABLE_MODULES = YES;
				CLANG_ENABLE_OBJC_ARC = YES;
				CLANG_ENABLE_OBJC_WEAK = YES;
				CLANG_WARN_BLOCK_CAPTURE_AUTORELEASING = YES;
				CLANG_WARN_BOOL_CONVERSION = YES;
				CLANG_WARN_COMMA = YES;
				CLANG_WARN_CONSTANT_CONVERSION = YES;
				CLANG_WARN_DEPRECATED_OBJC_IMPLEMENTATIONS = YES;
				CLANG_WARN_DIRECT_OBJC_ISA_USAGE = YES_ERROR;
				CLANG_WARN_DOCUMENTATION_COMMENTS = YES;
				CLANG_WARN_EMPTY_BODY = YES;
				CLANG_WARN_ENUM_CONVERSION = YES;
				CLANG_WARN_INFINITE_RECURSION = YES;
				CLANG_WARN_INT_CONVERSION = YES;
				CLANG_WARN_NON_LITERAL_NULL_CONVERSION = YES;
				CLANG_WARN_OBJC_IMPLICIT_RETAIN_SELF = YES;
				CLANG_WARN_OBJC_LITERAL_CONVERSION = YES;
				CLANG_WARN_OBJC_ROOT_CLASS = YES_ERROR;
				CLANG_WARN_QUOTED_INCLUDE_IN_FRAMEWORK_HEADER = YES;
				CLANG_WARN_RANGE_LOOP_ANALYSIS = YES;
				CLANG_WARN_STRICT_PROTOTYPES = YES;
				CLANG_WARN_SUSPICIOUS_MOVE = YES;
				CLANG_WARN_UNGUARDED_AVAILABILITY = YES_AGGRESSIVE;
				CLANG_WARN_UNREACHABLE_CODE = YES;
				CLANG_WARN__DUPLICATE_METHOD_MATCH = YES;
				COPY_PHASE_STRIP = NO;
				DEBUG_INFORMATION_FORMAT = dwarf;
				ENABLE_STRICT_OBJC_MSGSEND = YES;
				ENABLE_TESTABILITY = YES;
				GCC_C_LANGUAGE_STANDARD = gnu11;
				GCC_DYNAMIC_NO_PIC = NO;
				GCC_NO_COMMON_BLOCKS = YES;
				GCC_OPTIMIZATION_LEVEL = 0;
				GCC_PREPROCESSOR_DEFINITIONS = (
					"DEBUG=1",
					"$(inherited)",
				);
				GCC_WARN_64_TO_32_BIT_CONVERSION = YES;
				GCC_WARN_ABOUT_RETURN_TYPE = YES_ERROR;
				GCC_WARN_UNDECLARED_SELECTOR = YES;
				GCC_WARN_UNINITIALIZED_AUTOS = YES_AGGRESSIVE;
				GCC_WARN_UNUSED_FUNCTION = YES;
				GCC_WARN_UNUSED_VARIABLE = YES;
				IPHONEOS_DEPLOYMENT_TARGET = 14.0;
				MTL_ENABLE_DEBUG_INFO = INCLUDE_SOURCE;
				MTL_FAST_MATH = YES;
				ONLY_ACTIVE_ARCH = YES;
				SDKROOT = iphoneos;
				SWIFT_ACTIVE_COMPILATION_CONDITIONS = DEBUG;
				SWIFT_OPTIMIZATION_LEVEL = "-Onone";
			};
			name = Debug;
		};
		6F2433E525195AEC005FC1FF /* Release */ = {
			isa = XCBuildConfiguration;
			buildSettings = {
				ALWAYS_SEARCH_USER_PATHS = NO;
				CLANG_ANALYZER_NONNULL = YES;
				CLANG_ANALYZER_NUMBER_OBJECT_CONVERSION = YES_AGGRESSIVE;
				CLANG_CXX_LANGUAGE_STANDARD = "gnu++14";
				CLANG_CXX_LIBRARY = "libc++";
				CLANG_ENABLE_MODULES = YES;
				CLANG_ENABLE_OBJC_ARC = YES;
				CLANG_ENABLE_OBJC_WEAK = YES;
				CLANG_WARN_BLOCK_CAPTURE_AUTORELEASING = YES;
				CLANG_WARN_BOOL_CONVERSION = YES;
				CLANG_WARN_COMMA = YES;
				CLANG_WARN_CONSTANT_CONVERSION = YES;
				CLANG_WARN_DEPRECATED_OBJC_IMPLEMENTATIONS = YES;
				CLANG_WARN_DIRECT_OBJC_ISA_USAGE = YES_ERROR;
				CLANG_WARN_DOCUMENTATION_COMMENTS = YES;
				CLANG_WARN_EMPTY_BODY = YES;
				CLANG_WARN_ENUM_CONVERSION = YES;
				CLANG_WARN_INFINITE_RECURSION = YES;
				CLANG_WARN_INT_CONVERSION = YES;
				CLANG_WARN_NON_LITERAL_NULL_CONVERSION = YES;
				CLANG_WARN_OBJC_IMPLICIT_RETAIN_SELF = YES;
				CLANG_WARN_OBJC_LITERAL_CONVERSION = YES;
				CLANG_WARN_OBJC_ROOT_CLASS = YES_ERROR;
				CLANG_WARN_QUOTED_INCLUDE_IN_FRAMEWORK_HEADER = YES;
				CLANG_WARN_RANGE_LOOP_ANALYSIS = YES;
				CLANG_WARN_STRICT_PROTOTYPES = YES;
				CLANG_WARN_SUSPICIOUS_MOVE = YES;
				CLANG_WARN_UNGUARDED_AVAILABILITY = YES_AGGRESSIVE;
				CLANG_WARN_UNREACHABLE_CODE = YES;
				CLANG_WARN__DUPLICATE_METHOD_MATCH = YES;
				COPY_PHASE_STRIP = NO;
				DEBUG_INFORMATION_FORMAT = "dwarf-with-dsym";
				ENABLE_NS_ASSERTIONS = NO;
				ENABLE_STRICT_OBJC_MSGSEND = YES;
				GCC_C_LANGUAGE_STANDARD = gnu11;
				GCC_NO_COMMON_BLOCKS = YES;
				GCC_WARN_64_TO_32_BIT_CONVERSION = YES;
				GCC_WARN_ABOUT_RETURN_TYPE = YES_ERROR;
				GCC_WARN_UNDECLARED_SELECTOR = YES;
				GCC_WARN_UNINITIALIZED_AUTOS = YES_AGGRESSIVE;
				GCC_WARN_UNUSED_FUNCTION = YES;
				GCC_WARN_UNUSED_VARIABLE = YES;
				IPHONEOS_DEPLOYMENT_TARGET = 14.0;
				MTL_ENABLE_DEBUG_INFO = NO;
				MTL_FAST_MATH = YES;
				SDKROOT = iphoneos;
				SWIFT_COMPILATION_MODE = wholemodule;
				SWIFT_OPTIMIZATION_LEVEL = "-O";
				VALIDATE_PRODUCT = YES;
			};
			name = Release;
		};
		6F2433E725195AEC005FC1FF /* Debug */ = {
			isa = XCBuildConfiguration;
			buildSettings = {
				ASSETCATALOG_COMPILER_APPICON_NAME = AppIcon;
				ASSETCATALOG_COMPILER_GLOBAL_ACCENT_COLOR_NAME = AccentColor;
				CODE_SIGN_STYLE = Automatic;
				DEVELOPMENT_TEAM = QW53XRY68F;
				INFOPLIST_FILE = ChessBeta/Info.plist;
				LD_RUNPATH_SEARCH_PATHS = (
					"$(inherited)",
					"@executable_path/Frameworks",
				);
				PRODUCT_BUNDLE_IDENTIFIER = "com.Evelyn-Sunny.ChessBeta";
				PRODUCT_NAME = "$(TARGET_NAME)";
				SWIFT_VERSION = 5.0;
				TARGETED_DEVICE_FAMILY = "1,2";
			};
			name = Debug;
		};
		6F2433E825195AEC005FC1FF /* Release */ = {
			isa = XCBuildConfiguration;
			buildSettings = {
				ASSETCATALOG_COMPILER_APPICON_NAME = AppIcon;
				ASSETCATALOG_COMPILER_GLOBAL_ACCENT_COLOR_NAME = AccentColor;
				CODE_SIGN_STYLE = Automatic;
				DEVELOPMENT_TEAM = QW53XRY68F;
				INFOPLIST_FILE = ChessBeta/Info.plist;
				LD_RUNPATH_SEARCH_PATHS = (
					"$(inherited)",
					"@executable_path/Frameworks",
				);
				PRODUCT_BUNDLE_IDENTIFIER = "com.Evelyn-Sunny.ChessBeta";
				PRODUCT_NAME = "$(TARGET_NAME)";
				SWIFT_VERSION = 5.0;
				TARGETED_DEVICE_FAMILY = "1,2";
			};
			name = Release;
		};
		6F2433EA25195AEC005FC1FF /* Debug */ = {
			isa = XCBuildConfiguration;
			buildSettings = {
				ALWAYS_EMBED_SWIFT_STANDARD_LIBRARIES = YES;
				BUNDLE_LOADER = "$(TEST_HOST)";
				CODE_SIGN_STYLE = Automatic;
				DEVELOPMENT_TEAM = QW53XRY68F;
				INFOPLIST_FILE = ChessBetaTests/Info.plist;
				IPHONEOS_DEPLOYMENT_TARGET = 14.0;
				LD_RUNPATH_SEARCH_PATHS = (
					"$(inherited)",
					"@executable_path/Frameworks",
					"@loader_path/Frameworks",
				);
				PRODUCT_BUNDLE_IDENTIFIER = "com.Evelyn-Sunny.ChessBetaTests";
				PRODUCT_NAME = "$(TARGET_NAME)";
				SWIFT_VERSION = 5.0;
				TARGETED_DEVICE_FAMILY = "1,2";
				TEST_HOST = "$(BUILT_PRODUCTS_DIR)/ChessBeta.app/ChessBeta";
			};
			name = Debug;
		};
		6F2433EB25195AEC005FC1FF /* Release */ = {
			isa = XCBuildConfiguration;
			buildSettings = {
				ALWAYS_EMBED_SWIFT_STANDARD_LIBRARIES = YES;
				BUNDLE_LOADER = "$(TEST_HOST)";
				CODE_SIGN_STYLE = Automatic;
				DEVELOPMENT_TEAM = QW53XRY68F;
				INFOPLIST_FILE = ChessBetaTests/Info.plist;
				IPHONEOS_DEPLOYMENT_TARGET = 14.0;
				LD_RUNPATH_SEARCH_PATHS = (
					"$(inherited)",
					"@executable_path/Frameworks",
					"@loader_path/Frameworks",
				);
				PRODUCT_BUNDLE_IDENTIFIER = "com.Evelyn-Sunny.ChessBetaTests";
				PRODUCT_NAME = "$(TARGET_NAME)";
				SWIFT_VERSION = 5.0;
				TARGETED_DEVICE_FAMILY = "1,2";
				TEST_HOST = "$(BUILT_PRODUCTS_DIR)/ChessBeta.app/ChessBeta";
			};
			name = Release;
		};
		6F2433ED25195AEC005FC1FF /* Debug */ = {
			isa = XCBuildConfiguration;
			buildSettings = {
				ALWAYS_EMBED_SWIFT_STANDARD_LIBRARIES = YES;
				CODE_SIGN_STYLE = Automatic;
				DEVELOPMENT_TEAM = QW53XRY68F;
				INFOPLIST_FILE = ChessBetaUITests/Info.plist;
				LD_RUNPATH_SEARCH_PATHS = (
					"$(inherited)",
					"@executable_path/Frameworks",
					"@loader_path/Frameworks",
				);
				PRODUCT_BUNDLE_IDENTIFIER = "com.Evelyn-Sunny.ChessBetaUITests";
				PRODUCT_NAME = "$(TARGET_NAME)";
				SWIFT_VERSION = 5.0;
				TARGETED_DEVICE_FAMILY = "1,2";
				TEST_TARGET_NAME = ChessBeta;
			};
			name = Debug;
		};
		6F2433EE25195AEC005FC1FF /* Release */ = {
			isa = XCBuildConfiguration;
			buildSettings = {
				ALWAYS_EMBED_SWIFT_STANDARD_LIBRARIES = YES;
				CODE_SIGN_STYLE = Automatic;
				DEVELOPMENT_TEAM = QW53XRY68F;
				INFOPLIST_FILE = ChessBetaUITests/Info.plist;
				LD_RUNPATH_SEARCH_PATHS = (
					"$(inherited)",
					"@executable_path/Frameworks",
					"@loader_path/Frameworks",
				);
				PRODUCT_BUNDLE_IDENTIFIER = "com.Evelyn-Sunny.ChessBetaUITests";
				PRODUCT_NAME = "$(TARGET_NAME)";
				SWIFT_VERSION = 5.0;
				TARGETED_DEVICE_FAMILY = "1,2";
				TEST_TARGET_NAME = ChessBeta;
			};
			name = Release;
		};
/* End XCBuildConfiguration section */

/* Begin XCConfigurationList section */
		6F2433B725195AE9005FC1FF /* Build configuration list for PBXProject "ChessBeta" */ = {
			isa = XCConfigurationList;
			buildConfigurations = (
				6F2433E425195AEC005FC1FF /* Debug */,
				6F2433E525195AEC005FC1FF /* Release */,
			);
			defaultConfigurationIsVisible = 0;
			defaultConfigurationName = Release;
		};
		6F2433E625195AEC005FC1FF /* Build configuration list for PBXNativeTarget "ChessBeta" */ = {
			isa = XCConfigurationList;
			buildConfigurations = (
				6F2433E725195AEC005FC1FF /* Debug */,
				6F2433E825195AEC005FC1FF /* Release */,
			);
			defaultConfigurationIsVisible = 0;
			defaultConfigurationName = Release;
		};
		6F2433E925195AEC005FC1FF /* Build configuration list for PBXNativeTarget "ChessBetaTests" */ = {
			isa = XCConfigurationList;
			buildConfigurations = (
				6F2433EA25195AEC005FC1FF /* Debug */,
				6F2433EB25195AEC005FC1FF /* Release */,
			);
			defaultConfigurationIsVisible = 0;
			defaultConfigurationName = Release;
		};
		6F2433EC25195AEC005FC1FF /* Build configuration list for PBXNativeTarget "ChessBetaUITests" */ = {
			isa = XCConfigurationList;
			buildConfigurations = (
				6F2433ED25195AEC005FC1FF /* Debug */,
				6F2433EE25195AEC005FC1FF /* Release */,
			);
			defaultConfigurationIsVisible = 0;
			defaultConfigurationName = Release;
		};
/* End XCConfigurationList section */
	};
	rootObject = 6F2433B425195AE9005FC1FF /* Project object */;
}
